// !$*UTF8*$!
{
	archiveVersion = 1;
	classes = {
	};
	objectVersion = 47;
	objects = {

/* Begin PBXBuildFile section */
		29017C6F1C9AC81A00B0FABE /* Config.swift in Sources */ = {isa = PBXBuildFile; fileRef = 29017C6E1C9AC81A00B0FABE /* Config.swift */; };
		29017C721C9AD3E600B0FABE /* CoreDataHelper.swift in Sources */ = {isa = PBXBuildFile; fileRef = 29017C711C9AD3E600B0FABE /* CoreDataHelper.swift */; };
		29017C741C9AD51900B0FABE /* CoreDataTests.swift in Sources */ = {isa = PBXBuildFile; fileRef = 29017C731C9AD51900B0FABE /* CoreDataTests.swift */; };
		29017C781C9AE7B700B0FABE /* albums.json in Resources */ = {isa = PBXBuildFile; fileRef = 29017C751C9AE7B700B0FABE /* albums.json */; };
		29017C791C9AE7B700B0FABE /* photos.json in Resources */ = {isa = PBXBuildFile; fileRef = 29017C761C9AE7B700B0FABE /* photos.json */; };
		29017C7A1C9AE7B700B0FABE /* users.json in Resources */ = {isa = PBXBuildFile; fileRef = 29017C771C9AE7B700B0FABE /* users.json */; };
		293F99F61C88AB0B00C10A59 /* AppDelegate.swift in Sources */ = {isa = PBXBuildFile; fileRef = 293F99F51C88AB0B00C10A59 /* AppDelegate.swift */; };
		293F99FB1C88AB0B00C10A59 /* Main.storyboard in Resources */ = {isa = PBXBuildFile; fileRef = 293F99F91C88AB0B00C10A59 /* Main.storyboard */; };
		293F99FE1C88AB0B00C10A59 /* Sherpany.xcdatamodeld in Sources */ = {isa = PBXBuildFile; fileRef = 293F99FC1C88AB0B00C10A59 /* Sherpany.xcdatamodeld */; };
		293F9A001C88AB0B00C10A59 /* Assets.xcassets in Resources */ = {isa = PBXBuildFile; fileRef = 293F99FF1C88AB0B00C10A59 /* Assets.xcassets */; };
		293F9A031C88AB0B00C10A59 /* LaunchScreen.storyboard in Resources */ = {isa = PBXBuildFile; fileRef = 293F9A011C88AB0B00C10A59 /* LaunchScreen.storyboard */; };
		293F9A0E1C88AB0B00C10A59 /* SherpanyTests.swift in Sources */ = {isa = PBXBuildFile; fileRef = 293F9A0D1C88AB0B00C10A59 /* SherpanyTests.swift */; };
		2951635D1C99A43300B94281 /* ModelTests.swift in Sources */ = {isa = PBXBuildFile; fileRef = 2951635C1C99A43300B94281 /* ModelTests.swift */; };
		29565EB11C8C4061006E9BAF /* BaseTableViewController.swift in Sources */ = {isa = PBXBuildFile; fileRef = 29565EB01C8C4061006E9BAF /* BaseTableViewController.swift */; };
		296DB5CF1C89AFE0005D53CD /* ModelNetTests.swift in Sources */ = {isa = PBXBuildFile; fileRef = 296DB5CE1C89AFE0005D53CD /* ModelNetTests.swift */; };
		296DB5D11C89CC05005D53CD /* ModelNet.swift in Sources */ = {isa = PBXBuildFile; fileRef = 296DB5D01C89CC05005D53CD /* ModelNet.swift */; };
		296DB5EF1C89EA81005D53CD /* DataStructs.swift in Sources */ = {isa = PBXBuildFile; fileRef = 296DB5EE1C89EA81005D53CD /* DataStructs.swift */; };
		296DB5F51C89EA9C005D53CD /* AlbumEntity.swift in Sources */ = {isa = PBXBuildFile; fileRef = 296DB5F11C89EA9C005D53CD /* AlbumEntity.swift */; };
		296DB5F71C89EA9C005D53CD /* AlbumEntity+CoreDataProperties.swift in Sources */ = {isa = PBXBuildFile; fileRef = 296DB5F21C89EA9C005D53CD /* AlbumEntity+CoreDataProperties.swift */; };
		296DB5F91C89EA9C005D53CD /* UserEntity.swift in Sources */ = {isa = PBXBuildFile; fileRef = 296DB5F31C89EA9C005D53CD /* UserEntity.swift */; };
		296DB5FB1C89EA9C005D53CD /* UserEntity+CoreDataProperties.swift in Sources */ = {isa = PBXBuildFile; fileRef = 296DB5F41C89EA9C005D53CD /* UserEntity+CoreDataProperties.swift */; };
		297376191C8B041C001AE1AC /* AlbumsTableViewController.swift in Sources */ = {isa = PBXBuildFile; fileRef = 297376181C8B041C001AE1AC /* AlbumsTableViewController.swift */; };
		2973761C1C8B17F2001AE1AC /* PhotosTableViewController.swift in Sources */ = {isa = PBXBuildFile; fileRef = 2973761B1C8B17F2001AE1AC /* PhotosTableViewController.swift */; };
		29AA57161C8B5A8C00891F09 /* PhotosTableViewCell.swift in Sources */ = {isa = PBXBuildFile; fileRef = 29AA57151C8B5A8C00891F09 /* PhotosTableViewCell.swift */; };
		29F97C7D1C8ADA27005A5276 /* Model.swift in Sources */ = {isa = PBXBuildFile; fileRef = 29F97C7C1C8ADA27005A5276 /* Model.swift */; };
		29F97C831C8AE056005A5276 /* UsersTableViewController.swift in Sources */ = {isa = PBXBuildFile; fileRef = 29F97C821C8AE056005A5276 /* UsersTableViewController.swift */; };
		29F97C871C8AE441005A5276 /* UsersTableViewCell.swift in Sources */ = {isa = PBXBuildFile; fileRef = 29F97C861C8AE441005A5276 /* UsersTableViewCell.swift */; };
		29FF77AD1C8A0F6100A9C469 /* CoreDataManager.swift in Sources */ = {isa = PBXBuildFile; fileRef = 29FF77AC1C8A0F6100A9C469 /* CoreDataManager.swift */; };
		29FF77B11C8A0F9500A9C469 /* PhotoEntity.swift in Sources */ = {isa = PBXBuildFile; fileRef = 29FF77AF1C8A0F9500A9C469 /* PhotoEntity.swift */; };
		29FF77B31C8A0F9500A9C469 /* PhotoEntity+CoreDataProperties.swift in Sources */ = {isa = PBXBuildFile; fileRef = 29FF77B01C8A0F9500A9C469 /* PhotoEntity+CoreDataProperties.swift */; };
/* End PBXBuildFile section */

/* Begin PBXContainerItemProxy section */
		293F9A0A1C88AB0B00C10A59 /* PBXContainerItemProxy */ = {
			isa = PBXContainerItemProxy;
			containerPortal = 293F99EA1C88AB0B00C10A59 /* Project object */;
			proxyType = 1;
			remoteGlobalIDString = 293F99F11C88AB0B00C10A59;
			remoteInfo = Sherpany;
		};
/* End PBXContainerItemProxy section */

/* Begin PBXFileReference section */
		29017C6E1C9AC81A00B0FABE /* Config.swift */ = {isa = PBXFileReference; fileEncoding = 4; lastKnownFileType = sourcecode.swift; path = Config.swift; sourceTree = "<group>"; };
		29017C711C9AD3E600B0FABE /* CoreDataHelper.swift */ = {isa = PBXFileReference; fileEncoding = 4; lastKnownFileType = sourcecode.swift; path = CoreDataHelper.swift; sourceTree = "<group>"; };
		29017C731C9AD51900B0FABE /* CoreDataTests.swift */ = {isa = PBXFileReference; fileEncoding = 4; lastKnownFileType = sourcecode.swift; path = CoreDataTests.swift; sourceTree = "<group>"; };
		29017C751C9AE7B700B0FABE /* albums.json */ = {isa = PBXFileReference; fileEncoding = 4; lastKnownFileType = text.json; path = albums.json; sourceTree = "<group>"; };
		29017C761C9AE7B700B0FABE /* photos.json */ = {isa = PBXFileReference; fileEncoding = 4; lastKnownFileType = text.json; path = photos.json; sourceTree = "<group>"; };
		29017C771C9AE7B700B0FABE /* users.json */ = {isa = PBXFileReference; fileEncoding = 4; lastKnownFileType = text.json; path = users.json; sourceTree = "<group>"; };
		293F99F21C88AB0B00C10A59 /* Sherpany.app */ = {isa = PBXFileReference; explicitFileType = wrapper.application; includeInIndex = 0; path = Sherpany.app; sourceTree = BUILT_PRODUCTS_DIR; };
		293F99F51C88AB0B00C10A59 /* AppDelegate.swift */ = {isa = PBXFileReference; lastKnownFileType = sourcecode.swift; path = AppDelegate.swift; sourceTree = "<group>"; };
		293F99FA1C88AB0B00C10A59 /* Base */ = {isa = PBXFileReference; lastKnownFileType = file.storyboard; name = Base; path = Base.lproj/Main.storyboard; sourceTree = "<group>"; };
		293F99FD1C88AB0B00C10A59 /* Sherpany.xcdatamodel */ = {isa = PBXFileReference; lastKnownFileType = wrapper.xcdatamodel; path = Sherpany.xcdatamodel; sourceTree = "<group>"; };
		293F99FF1C88AB0B00C10A59 /* Assets.xcassets */ = {isa = PBXFileReference; lastKnownFileType = folder.assetcatalog; path = Assets.xcassets; sourceTree = "<group>"; };
		293F9A021C88AB0B00C10A59 /* Base */ = {isa = PBXFileReference; lastKnownFileType = file.storyboard; name = Base; path = Base.lproj/LaunchScreen.storyboard; sourceTree = "<group>"; };
		293F9A041C88AB0B00C10A59 /* Info.plist */ = {isa = PBXFileReference; lastKnownFileType = text.plist.xml; path = Info.plist; sourceTree = "<group>"; };
		293F9A091C88AB0B00C10A59 /* SherpanyTests.xctest */ = {isa = PBXFileReference; explicitFileType = wrapper.cfbundle; includeInIndex = 0; path = SherpanyTests.xctest; sourceTree = BUILT_PRODUCTS_DIR; };
		293F9A0D1C88AB0B00C10A59 /* SherpanyTests.swift */ = {isa = PBXFileReference; lastKnownFileType = sourcecode.swift; path = SherpanyTests.swift; sourceTree = "<group>"; };
		293F9A0F1C88AB0B00C10A59 /* Info.plist */ = {isa = PBXFileReference; lastKnownFileType = text.plist.xml; path = Info.plist; sourceTree = "<group>"; };
		294A2E581C8B310400464497 /* fr */ = {isa = PBXFileReference; lastKnownFileType = text.plist.strings; name = fr; path = fr.lproj/Main.strings; sourceTree = "<group>"; };
		294A2E591C8B310400464497 /* fr */ = {isa = PBXFileReference; lastKnownFileType = text.plist.strings; name = fr; path = fr.lproj/LaunchScreen.strings; sourceTree = "<group>"; };
		294A2E5A1C8B319300464497 /* de */ = {isa = PBXFileReference; lastKnownFileType = text.plist.strings; name = de; path = de.lproj/Main.strings; sourceTree = "<group>"; };
		294A2E5B1C8B319300464497 /* de */ = {isa = PBXFileReference; lastKnownFileType = text.plist.strings; name = de; path = de.lproj/LaunchScreen.strings; sourceTree = "<group>"; };
		2951635C1C99A43300B94281 /* ModelTests.swift */ = {isa = PBXFileReference; fileEncoding = 4; lastKnownFileType = sourcecode.swift; path = ModelTests.swift; sourceTree = "<group>"; };
		29565EB01C8C4061006E9BAF /* BaseTableViewController.swift */ = {isa = PBXFileReference; fileEncoding = 4; lastKnownFileType = sourcecode.swift; path = BaseTableViewController.swift; sourceTree = "<group>"; };
		296DB5CE1C89AFE0005D53CD /* ModelNetTests.swift */ = {isa = PBXFileReference; fileEncoding = 4; lastKnownFileType = sourcecode.swift; path = ModelNetTests.swift; sourceTree = "<group>"; };
		296DB5D01C89CC05005D53CD /* ModelNet.swift */ = {isa = PBXFileReference; fileEncoding = 4; lastKnownFileType = sourcecode.swift; name = ModelNet.swift; path = Sherpany/ModelNet.swift; sourceTree = "<group>"; };
		296DB5EE1C89EA81005D53CD /* DataStructs.swift */ = {isa = PBXFileReference; fileEncoding = 4; lastKnownFileType = sourcecode.swift; name = DataStructs.swift; path = Sherpany/DataStructs.swift; sourceTree = "<group>"; };
		296DB5F11C89EA9C005D53CD /* AlbumEntity.swift */ = {isa = PBXFileReference; fileEncoding = 4; lastKnownFileType = sourcecode.swift; name = AlbumEntity.swift; path = Sherpany/AlbumEntity.swift; sourceTree = "<group>"; };
		296DB5F21C89EA9C005D53CD /* AlbumEntity+CoreDataProperties.swift */ = {isa = PBXFileReference; fileEncoding = 4; lastKnownFileType = sourcecode.swift; name = "AlbumEntity+CoreDataProperties.swift"; path = "Sherpany/AlbumEntity+CoreDataProperties.swift"; sourceTree = "<group>"; };
		296DB5F31C89EA9C005D53CD /* UserEntity.swift */ = {isa = PBXFileReference; fileEncoding = 4; lastKnownFileType = sourcecode.swift; name = UserEntity.swift; path = Sherpany/UserEntity.swift; sourceTree = "<group>"; };
		296DB5F41C89EA9C005D53CD /* UserEntity+CoreDataProperties.swift */ = {isa = PBXFileReference; fileEncoding = 4; lastKnownFileType = sourcecode.swift; name = "UserEntity+CoreDataProperties.swift"; path = "Sherpany/UserEntity+CoreDataProperties.swift"; sourceTree = "<group>"; };
		297376181C8B041C001AE1AC /* AlbumsTableViewController.swift */ = {isa = PBXFileReference; fileEncoding = 4; lastKnownFileType = sourcecode.swift; path = AlbumsTableViewController.swift; sourceTree = "<group>"; };
		2973761B1C8B17F2001AE1AC /* PhotosTableViewController.swift */ = {isa = PBXFileReference; fileEncoding = 4; lastKnownFileType = sourcecode.swift; path = PhotosTableViewController.swift; sourceTree = "<group>"; };
		29AA57151C8B5A8C00891F09 /* PhotosTableViewCell.swift */ = {isa = PBXFileReference; fileEncoding = 4; lastKnownFileType = sourcecode.swift; path = PhotosTableViewCell.swift; sourceTree = "<group>"; };
		29F97C7C1C8ADA27005A5276 /* Model.swift */ = {isa = PBXFileReference; fileEncoding = 4; lastKnownFileType = sourcecode.swift; name = Model.swift; path = Sherpany/Model.swift; sourceTree = "<group>"; };
		29F97C821C8AE056005A5276 /* UsersTableViewController.swift */ = {isa = PBXFileReference; fileEncoding = 4; lastKnownFileType = sourcecode.swift; path = UsersTableViewController.swift; sourceTree = "<group>"; };
		29F97C861C8AE441005A5276 /* UsersTableViewCell.swift */ = {isa = PBXFileReference; fileEncoding = 4; lastKnownFileType = sourcecode.swift; path = UsersTableViewCell.swift; sourceTree = "<group>"; };
		29FF77AC1C8A0F6100A9C469 /* CoreDataManager.swift */ = {isa = PBXFileReference; fileEncoding = 4; lastKnownFileType = sourcecode.swift; name = CoreDataManager.swift; path = Sherpany/CoreDataManager.swift; sourceTree = "<group>"; };
		29FF77AF1C8A0F9500A9C469 /* PhotoEntity.swift */ = {isa = PBXFileReference; fileEncoding = 4; lastKnownFileType = sourcecode.swift; name = PhotoEntity.swift; path = Sherpany/PhotoEntity.swift; sourceTree = "<group>"; };
		29FF77B01C8A0F9500A9C469 /* PhotoEntity+CoreDataProperties.swift */ = {isa = PBXFileReference; fileEncoding = 4; lastKnownFileType = sourcecode.swift; name = "PhotoEntity+CoreDataProperties.swift"; path = "Sherpany/PhotoEntity+CoreDataProperties.swift"; sourceTree = "<group>"; };
/* End PBXFileReference section */

/* Begin PBXFrameworksBuildPhase section */
		293F99EF1C88AB0B00C10A59 /* Frameworks */ = {
			isa = PBXFrameworksBuildPhase;
			buildActionMask = 2147483647;
			files = (
			);
			runOnlyForDeploymentPostprocessing = 0;
		};
		293F9A061C88AB0B00C10A59 /* Frameworks */ = {
			isa = PBXFrameworksBuildPhase;
			buildActionMask = 2147483647;
			files = (
			);
			runOnlyForDeploymentPostprocessing = 0;
		};
/* End PBXFrameworksBuildPhase section */

/* Begin PBXGroup section */
		293F99E91C88AB0B00C10A59 = {
			isa = PBXGroup;
			children = (
				293F99F41C88AB0B00C10A59 /* Sherpany */,
				293F9A0C1C88AB0B00C10A59 /* SherpanyTests */,
				293F99F31C88AB0B00C10A59 /* Products */,
			);
			indentWidth = 4;
			sourceTree = "<group>";
			tabWidth = 4;
		};
		293F99F31C88AB0B00C10A59 /* Products */ = {
			isa = PBXGroup;
			children = (
				293F99F21C88AB0B00C10A59 /* Sherpany.app */,
				293F9A091C88AB0B00C10A59 /* SherpanyTests.xctest */,
			);
			name = Products;
			sourceTree = "<group>";
		};
		293F99F41C88AB0B00C10A59 /* Sherpany */ = {
			isa = PBXGroup;
			children = (
				29F97C851C8AE3F1005A5276 /* Cell */,
				296DB5CA1C89AD3C005D53CD /* Model */,
				296DB5C91C89A875005D53CD /* CoreData */,
				293F99F51C88AB0B00C10A59 /* AppDelegate.swift */,
				29565EB01C8C4061006E9BAF /* BaseTableViewController.swift */,
				29F97C821C8AE056005A5276 /* UsersTableViewController.swift */,
				297376181C8B041C001AE1AC /* AlbumsTableViewController.swift */,
				2973761B1C8B17F2001AE1AC /* PhotosTableViewController.swift */,
				293F99F91C88AB0B00C10A59 /* Main.storyboard */,
				293F99FF1C88AB0B00C10A59 /* Assets.xcassets */,
				293F9A011C88AB0B00C10A59 /* LaunchScreen.storyboard */,
				293F9A041C88AB0B00C10A59 /* Info.plist */,
				293F99FC1C88AB0B00C10A59 /* Sherpany.xcdatamodeld */,
				29017C6E1C9AC81A00B0FABE /* Config.swift */,
			);
			path = Sherpany;
			sourceTree = "<group>";
		};
		293F9A0C1C88AB0B00C10A59 /* SherpanyTests */ = {
			isa = PBXGroup;
			children = (
				29017C751C9AE7B700B0FABE /* albums.json */,
				29017C761C9AE7B700B0FABE /* photos.json */,
				29017C771C9AE7B700B0FABE /* users.json */,
				293F9A0D1C88AB0B00C10A59 /* SherpanyTests.swift */,
				2951635C1C99A43300B94281 /* ModelTests.swift */,
				296DB5CE1C89AFE0005D53CD /* ModelNetTests.swift */,
				29017C731C9AD51900B0FABE /* CoreDataTests.swift */,
				29017C711C9AD3E600B0FABE /* CoreDataHelper.swift */,
				293F9A0F1C88AB0B00C10A59 /* Info.plist */,
			);
			path = SherpanyTests;
			sourceTree = "<group>";
		};
		296DB5C91C89A875005D53CD /* CoreData */ = {
			isa = PBXGroup;
			children = (
				29FF77AF1C8A0F9500A9C469 /* PhotoEntity.swift */,
				29FF77B01C8A0F9500A9C469 /* PhotoEntity+CoreDataProperties.swift */,
				29FF77AC1C8A0F6100A9C469 /* CoreDataManager.swift */,
				296DB5F11C89EA9C005D53CD /* AlbumEntity.swift */,
				296DB5F21C89EA9C005D53CD /* AlbumEntity+CoreDataProperties.swift */,
				296DB5F31C89EA9C005D53CD /* UserEntity.swift */,
				296DB5F41C89EA9C005D53CD /* UserEntity+CoreDataProperties.swift */,
			);
			name = CoreData;
			path = ..;
			sourceTree = "<group>";
		};
		296DB5CA1C89AD3C005D53CD /* Model */ = {
			isa = PBXGroup;
			children = (
				296DB5EE1C89EA81005D53CD /* DataStructs.swift */,
				296DB5D01C89CC05005D53CD /* ModelNet.swift */,
				29F97C7C1C8ADA27005A5276 /* Model.swift */,
			);
			name = Model;
			path = ..;
			sourceTree = "<group>";
		};
		29F97C851C8AE3F1005A5276 /* Cell */ = {
			isa = PBXGroup;
			children = (
				29F97C861C8AE441005A5276 /* UsersTableViewCell.swift */,
				29AA57151C8B5A8C00891F09 /* PhotosTableViewCell.swift */,
			);
			name = Cell;
			sourceTree = "<group>";
		};
/* End PBXGroup section */

/* Begin PBXNativeTarget section */
		293F99F11C88AB0B00C10A59 /* Sherpany */ = {
			isa = PBXNativeTarget;
			buildConfigurationList = 293F9A121C88AB0B00C10A59 /* Build configuration list for PBXNativeTarget "Sherpany" */;
			buildPhases = (
				293F99EE1C88AB0B00C10A59 /* Sources */,
				293F99EF1C88AB0B00C10A59 /* Frameworks */,
				293F99F01C88AB0B00C10A59 /* Resources */,
			);
			buildRules = (
			);
			dependencies = (
			);
			name = Sherpany;
			productName = Sherpany;
			productReference = 293F99F21C88AB0B00C10A59 /* Sherpany.app */;
			productType = "com.apple.product-type.application";
		};
		293F9A081C88AB0B00C10A59 /* SherpanyTests */ = {
			isa = PBXNativeTarget;
			buildConfigurationList = 293F9A151C88AB0B00C10A59 /* Build configuration list for PBXNativeTarget "SherpanyTests" */;
			buildPhases = (
				293F9A051C88AB0B00C10A59 /* Sources */,
				293F9A061C88AB0B00C10A59 /* Frameworks */,
				293F9A071C88AB0B00C10A59 /* Resources */,
			);
			buildRules = (
			);
			dependencies = (
				293F9A0B1C88AB0B00C10A59 /* PBXTargetDependency */,
			);
			name = SherpanyTests;
			productName = SherpanyTests;
			productReference = 293F9A091C88AB0B00C10A59 /* SherpanyTests.xctest */;
			productType = "com.apple.product-type.bundle.unit-test";
		};
/* End PBXNativeTarget section */

/* Begin PBXProject section */
		293F99EA1C88AB0B00C10A59 /* Project object */ = {
			isa = PBXProject;
			attributes = {
				LastSwiftUpdateCheck = 0720;
				LastUpgradeCheck = 0720;
				ORGANIZATIONNAME = "kil-dev";
				TargetAttributes = {
					293F99F11C88AB0B00C10A59 = {
						CreatedOnToolsVersion = 7.2.1;
					};
					293F9A081C88AB0B00C10A59 = {
						CreatedOnToolsVersion = 7.2.1;
						TestTargetID = 293F99F11C88AB0B00C10A59;
					};
				};
			};
			buildConfigurationList = 293F99ED1C88AB0B00C10A59 /* Build configuration list for PBXProject "Sherpany" */;
			compatibilityVersion = "Xcode 6.3";
			developmentRegion = English;
			hasScannedForEncodings = 0;
			knownRegions = (
				en,
				Base,
			);
			mainGroup = 293F99E91C88AB0B00C10A59;
			productRefGroup = 293F99F31C88AB0B00C10A59 /* Products */;
			projectDirPath = "";
			projectRoot = "";
			targets = (
				293F99F11C88AB0B00C10A59 /* Sherpany */,
				293F9A081C88AB0B00C10A59 /* SherpanyTests */,
			);
		};
/* End PBXProject section */

/* Begin PBXResourcesBuildPhase section */
		293F99F01C88AB0B00C10A59 /* Resources */ = {
			isa = PBXResourcesBuildPhase;
			buildActionMask = 2147483647;
			files = (
				293F9A031C88AB0B00C10A59 /* LaunchScreen.storyboard in Resources */,
				293F9A001C88AB0B00C10A59 /* Assets.xcassets in Resources */,
				293F99FB1C88AB0B00C10A59 /* Main.storyboard in Resources */,
			);
			runOnlyForDeploymentPostprocessing = 0;
		};
		293F9A071C88AB0B00C10A59 /* Resources */ = {
			isa = PBXResourcesBuildPhase;
			buildActionMask = 2147483647;
			files = (
				29017C7A1C9AE7B700B0FABE /* users.json in Resources */,
				29017C791C9AE7B700B0FABE /* photos.json in Resources */,
				29017C781C9AE7B700B0FABE /* albums.json in Resources */,
			);
			runOnlyForDeploymentPostprocessing = 0;
		};
/* End PBXResourcesBuildPhase section */

/* Begin PBXSourcesBuildPhase section */
		293F99EE1C88AB0B00C10A59 /* Sources */ = {
			isa = PBXSourcesBuildPhase;
			buildActionMask = 2147483647;
			files = (
				29565EB11C8C4061006E9BAF /* BaseTableViewController.swift in Sources */,
				29AA57161C8B5A8C00891F09 /* PhotosTableViewCell.swift in Sources */,
				29FF77B31C8A0F9500A9C469 /* PhotoEntity+CoreDataProperties.swift in Sources */,
				29F97C831C8AE056005A5276 /* UsersTableViewController.swift in Sources */,
				296DB5F71C89EA9C005D53CD /* AlbumEntity+CoreDataProperties.swift in Sources */,
				29F97C871C8AE441005A5276 /* UsersTableViewCell.swift in Sources */,
				296DB5D11C89CC05005D53CD /* ModelNet.swift in Sources */,
				297376191C8B041C001AE1AC /* AlbumsTableViewController.swift in Sources */,
				296DB5EF1C89EA81005D53CD /* DataStructs.swift in Sources */,
				29FF77B11C8A0F9500A9C469 /* PhotoEntity.swift in Sources */,
				296DB5FB1C89EA9C005D53CD /* UserEntity+CoreDataProperties.swift in Sources */,
				29F97C7D1C8ADA27005A5276 /* Model.swift in Sources */,
				29FF77AD1C8A0F6100A9C469 /* CoreDataManager.swift in Sources */,
				293F99F61C88AB0B00C10A59 /* AppDelegate.swift in Sources */,
				296DB5F51C89EA9C005D53CD /* AlbumEntity.swift in Sources */,
				293F99FE1C88AB0B00C10A59 /* Sherpany.xcdatamodeld in Sources */,
				29017C6F1C9AC81A00B0FABE /* Config.swift in Sources */,
				296DB5F91C89EA9C005D53CD /* UserEntity.swift in Sources */,
				2973761C1C8B17F2001AE1AC /* PhotosTableViewController.swift in Sources */,
			);
			runOnlyForDeploymentPostprocessing = 0;
		};
		293F9A051C88AB0B00C10A59 /* Sources */ = {
			isa = PBXSourcesBuildPhase;
			buildActionMask = 2147483647;
			files = (
				2951635D1C99A43300B94281 /* ModelTests.swift in Sources */,
				29017C721C9AD3E600B0FABE /* CoreDataHelper.swift in Sources */,
				296DB5CF1C89AFE0005D53CD /* ModelNetTests.swift in Sources */,
				293F9A0E1C88AB0B00C10A59 /* SherpanyTests.swift in Sources */,
				29017C741C9AD51900B0FABE /* CoreDataTests.swift in Sources */,
			);
			runOnlyForDeploymentPostprocessing = 0;
		};
/* End PBXSourcesBuildPhase section */

/* Begin PBXTargetDependency section */
		293F9A0B1C88AB0B00C10A59 /* PBXTargetDependency */ = {
			isa = PBXTargetDependency;
			target = 293F99F11C88AB0B00C10A59 /* Sherpany */;
			targetProxy = 293F9A0A1C88AB0B00C10A59 /* PBXContainerItemProxy */;
		};
/* End PBXTargetDependency section */

/* Begin PBXVariantGroup section */
		293F99F91C88AB0B00C10A59 /* Main.storyboard */ = {
			isa = PBXVariantGroup;
			children = (
				293F99FA1C88AB0B00C10A59 /* Base */,
				294A2E581C8B310400464497 /* fr */,
				294A2E5A1C8B319300464497 /* de */,
			);
			name = Main.storyboard;
			sourceTree = "<group>";
		};
		293F9A011C88AB0B00C10A59 /* LaunchScreen.storyboard */ = {
			isa = PBXVariantGroup;
			children = (
				293F9A021C88AB0B00C10A59 /* Base */,
				294A2E591C8B310400464497 /* fr */,
				294A2E5B1C8B319300464497 /* de */,
			);
			name = LaunchScreen.storyboard;
			sourceTree = "<group>";
		};
/* End PBXVariantGroup section */

/* Begin XCBuildConfiguration section */
		293F9A101C88AB0B00C10A59 /* Debug */ = {
			isa = XCBuildConfiguration;
			buildSettings = {
				ALWAYS_SEARCH_USER_PATHS = NO;
				CLANG_CXX_LANGUAGE_STANDARD = "gnu++0x";
				CLANG_CXX_LIBRARY = "libc++";
				CLANG_ENABLE_MODULES = YES;
				CLANG_ENABLE_OBJC_ARC = YES;
				CLANG_WARN_BOOL_CONVERSION = YES;
				CLANG_WARN_CONSTANT_CONVERSION = YES;
				CLANG_WARN_DIRECT_OBJC_ISA_USAGE = YES_ERROR;
				CLANG_WARN_EMPTY_BODY = YES;
				CLANG_WARN_ENUM_CONVERSION = YES;
				CLANG_WARN_INT_CONVERSION = YES;
				CLANG_WARN_OBJC_ROOT_CLASS = YES_ERROR;
				CLANG_WARN_UNREACHABLE_CODE = YES;
				CLANG_WARN__DUPLICATE_METHOD_MATCH = YES;
				"CODE_SIGN_IDENTITY[sdk=iphoneos*]" = "iPhone Developer";
				COPY_PHASE_STRIP = NO;
				DEBUG_INFORMATION_FORMAT = dwarf;
				ENABLE_STRICT_OBJC_MSGSEND = YES;
				ENABLE_TESTABILITY = YES;
				GCC_C_LANGUAGE_STANDARD = gnu99;
				GCC_DYNAMIC_NO_PIC = NO;
				GCC_NO_COMMON_BLOCKS = YES;
				GCC_OPTIMIZATION_LEVEL = 0;
				GCC_PREPROCESSOR_DEFINITIONS = (
					"DEBUG=1",
					"$(inherited)",
				);
				GCC_WARN_64_TO_32_BIT_CONVERSION = YES;
				GCC_WARN_ABOUT_RETURN_TYPE = YES_ERROR;
				GCC_WARN_UNDECLARED_SELECTOR = YES;
				GCC_WARN_UNINITIALIZED_AUTOS = YES_AGGRESSIVE;
				GCC_WARN_UNUSED_FUNCTION = YES;
				GCC_WARN_UNUSED_VARIABLE = YES;
				IPHONEOS_DEPLOYMENT_TARGET = 9.2;
				MTL_ENABLE_DEBUG_INFO = YES;
				ONLY_ACTIVE_ARCH = YES;
				SDKROOT = iphoneos;
				SWIFT_OPTIMIZATION_LEVEL = "-Onone";
				TARGETED_DEVICE_FAMILY = 2;
			};
			name = Debug;
		};
		293F9A111C88AB0B00C10A59 /* Release */ = {
			isa = XCBuildConfiguration;
			buildSettings = {
				ALWAYS_SEARCH_USER_PATHS = NO;
				CLANG_CXX_LANGUAGE_STANDARD = "gnu++0x";
				CLANG_CXX_LIBRARY = "libc++";
				CLANG_ENABLE_MODULES = YES;
				CLANG_ENABLE_OBJC_ARC = YES;
				CLANG_WARN_BOOL_CONVERSION = YES;
				CLANG_WARN_CONSTANT_CONVERSION = YES;
				CLANG_WARN_DIRECT_OBJC_ISA_USAGE = YES_ERROR;
				CLANG_WARN_EMPTY_BODY = YES;
				CLANG_WARN_ENUM_CONVERSION = YES;
				CLANG_WARN_INT_CONVERSION = YES;
				CLANG_WARN_OBJC_ROOT_CLASS = YES_ERROR;
				CLANG_WARN_UNREACHABLE_CODE = YES;
				CLANG_WARN__DUPLICATE_METHOD_MATCH = YES;
				"CODE_SIGN_IDENTITY[sdk=iphoneos*]" = "iPhone Developer";
				COPY_PHASE_STRIP = NO;
				DEBUG_INFORMATION_FORMAT = "dwarf-with-dsym";
				ENABLE_NS_ASSERTIONS = NO;
				ENABLE_STRICT_OBJC_MSGSEND = YES;
				GCC_C_LANGUAGE_STANDARD = gnu99;
				GCC_NO_COMMON_BLOCKS = YES;
				GCC_WARN_64_TO_32_BIT_CONVERSION = YES;
				GCC_WARN_ABOUT_RETURN_TYPE = YES_ERROR;
				GCC_WARN_UNDECLARED_SELECTOR = YES;
				GCC_WARN_UNINITIALIZED_AUTOS = YES_AGGRESSIVE;
				GCC_WARN_UNUSED_FUNCTION = YES;
				GCC_WARN_UNUSED_VARIABLE = YES;
				IPHONEOS_DEPLOYMENT_TARGET = 9.2;
				MTL_ENABLE_DEBUG_INFO = NO;
				SDKROOT = iphoneos;
				TARGETED_DEVICE_FAMILY = 2;
				VALIDATE_PRODUCT = YES;
			};
			name = Release;
		};
		293F9A131C88AB0B00C10A59 /* Debug */ = {
			isa = XCBuildConfiguration;
			buildSettings = {
				ASSETCATALOG_COMPILER_APPICON_NAME = AppIcon;
				DEFINES_MODULE = YES;
				INFOPLIST_FILE = Sherpany/Info.plist;
				LD_RUNPATH_SEARCH_PATHS = "$(inherited) @executable_path/Frameworks";
				PRODUCT_BUNDLE_IDENTIFIER = "hu.kil-dev.Sherpany";
				PRODUCT_NAME = "$(TARGET_NAME)";
			};
			name = Debug;
		};
		293F9A141C88AB0B00C10A59 /* Release */ = {
			isa = XCBuildConfiguration;
			buildSettings = {
				ASSETCATALOG_COMPILER_APPICON_NAME = AppIcon;
				DEFINES_MODULE = YES;
				INFOPLIST_FILE = Sherpany/Info.plist;
				LD_RUNPATH_SEARCH_PATHS = "$(inherited) @executable_path/Frameworks";
				PRODUCT_BUNDLE_IDENTIFIER = "hu.kil-dev.Sherpany";
				PRODUCT_NAME = "$(TARGET_NAME)";
			};
			name = Release;
		};
		293F9A161C88AB0B00C10A59 /* Debug */ = {
			isa = XCBuildConfiguration;
			buildSettings = {
				BUNDLE_LOADER = "$(TEST_HOST)";
				INFOPLIST_FILE = SherpanyTests/Info.plist;
				LD_RUNPATH_SEARCH_PATHS = "$(inherited) @executable_path/Frameworks @loader_path/Frameworks";
				PRODUCT_BUNDLE_IDENTIFIER = "hu.kil-dev.SherpanyTests";
				PRODUCT_NAME = "$(TARGET_NAME)";
				TEST_HOST = "$(BUILT_PRODUCTS_DIR)/Sherpany.app/Sherpany";
			};
			name = Debug;
		};
		293F9A171C88AB0B00C10A59 /* Release */ = {
			isa = XCBuildConfiguration;
			buildSettings = {
				BUNDLE_LOADER = "$(TEST_HOST)";
				INFOPLIST_FILE = SherpanyTests/Info.plist;
				LD_RUNPATH_SEARCH_PATHS = "$(inherited) @executable_path/Frameworks @loader_path/Frameworks";
				PRODUCT_BUNDLE_IDENTIFIER = "hu.kil-dev.SherpanyTests";
				PRODUCT_NAME = "$(TARGET_NAME)";
				TEST_HOST = "$(BUILT_PRODUCTS_DIR)/Sherpany.app/Sherpany";
			};
			name = Release;
		};
/* End XCBuildConfiguration section */

/* Begin XCConfigurationList section */
		293F99ED1C88AB0B00C10A59 /* Build configuration list for PBXProject "Sherpany" */ = {
			isa = XCConfigurationList;
			buildConfigurations = (
				293F9A101C88AB0B00C10A59 /* Debug */,
				293F9A111C88AB0B00C10A59 /* Release */,
			);
			defaultConfigurationIsVisible = 0;
			defaultConfigurationName = Release;
		};
		293F9A121C88AB0B00C10A59 /* Build configuration list for PBXNativeTarget "Sherpany" */ = {
			isa = XCConfigurationList;
			buildConfigurations = (
				293F9A131C88AB0B00C10A59 /* Debug */,
				293F9A141C88AB0B00C10A59 /* Release */,
			);
			defaultConfigurationIsVisible = 0;
			defaultConfigurationName = Release;
		};
		293F9A151C88AB0B00C10A59 /* Build configuration list for PBXNativeTarget "SherpanyTests" */ = {
			isa = XCConfigurationList;
			buildConfigurations = (
				293F9A161C88AB0B00C10A59 /* Debug */,
				293F9A171C88AB0B00C10A59 /* Release */,
			);
			defaultConfigurationIsVisible = 0;
			defaultConfigurationName = Release;
		};
/* End XCConfigurationList section */

/* Begin XCVersionGroup section */
		293F99FC1C88AB0B00C10A59 /* Sherpany.xcdatamodeld */ = {
			isa = XCVersionGroup;
			children = (
				293F99FD1C88AB0B00C10A59 /* Sherpany.xcdatamodel */,
			);
			currentVersion = 293F99FD1C88AB0B00C10A59 /* Sherpany.xcdatamodel */;
			path = Sherpany.xcdatamodeld;
			sourceTree = "<group>";
			versionGroupType = wrapper.xcdatamodel;
		};
/* End XCVersionGroup section */
	};
	rootObject = 293F99EA1C88AB0B00C10A59 /* Project object */;
}
